version = 1
revision = 3
requires-python = ">=3.12, <4"

[[package]]
name = "asgiref"
version = "3.8.1"
source = { registry = "https://pypi.org/simple" }
sdist = { url = "https://files.pythonhosted.org/packages/29/38/b3395cc9ad1b56d2ddac9970bc8f4141312dbaec28bc7c218b0dfafd0f42/asgiref-3.8.1.tar.gz", hash = "sha256:c343bd80a0bec947a9860adb4c432ffa7db769836c64238fc34bdc3fec84d590", size = 35186, upload-time = "2024-03-22T14:39:36.863Z" }
wheels = [
    { url = "https://files.pythonhosted.org/packages/39/e3/893e8757be2612e6c266d9bb58ad2e3651524b5b40cf56761e985a28b13e/asgiref-3.8.1-py3-none-any.whl", hash = "sha256:3e1e3ecc849832fe52ccf2cb6686b7a55f82bb1d6aee72a58826471390335e47", size = 23828, upload-time = "2024-03-22T14:39:34.521Z" },
]

[[package]]
name = "astroid"
version = "2.15.8"
source = { registry = "https://pypi.org/simple" }
dependencies = [
    { name = "lazy-object-proxy" },
    { name = "wrapt" },
]
sdist = { url = "https://files.pythonhosted.org/packages/58/3d/c18b0854d0d2eb3aca20c149cff5c90e6b84a5366066768d98636f5045ed/astroid-2.15.8.tar.gz", hash = "sha256:6c107453dffee9055899705de3c9ead36e74119cee151e5a9aaf7f0b0e020a6a", size = 344362, upload-time = "2023-09-26T12:40:28.546Z" }
wheels = [
    { url = "https://files.pythonhosted.org/packages/16/b6/c0b5394ec6149e0129421f1a762b805e0e583974bc3cd65e3c7ce7c95444/astroid-2.15.8-py3-none-any.whl", hash = "sha256:1aa149fc5c6589e3d0ece885b4491acd80af4f087baafa3fb5203b113e68cd3c", size = 278329, upload-time = "2023-09-26T12:40:25.988Z" },
]

[[package]]
name = "colorama"
version = "0.4.6"
source = { registry = "https://pypi.org/simple" }
sdist = { url = "https://files.pythonhosted.org/packages/d8/53/6f443c9a4a8358a93a6792e2acffb9d9d5cb0a5cfd8802644b7b1c9a02e4/colorama-0.4.6.tar.gz", hash = "sha256:08695f5cb7ed6e0531a20572697297273c47b8cae5a63ffc6d6ed5c201be6e44", size = 27697, upload-time = "2022-10-25T02:36:22.414Z" }
wheels = [
    { url = "https://files.pythonhosted.org/packages/d1/d6/3965ed04c63042e047cb6a3e6ed1a63a35087b6a609aa3a15ed8ac56c221/colorama-0.4.6-py2.py3-none-any.whl", hash = "sha256:4f1d9991f5acc0ca119f9d443620b77f9d6b33703e51011c16baf57afb285fc6", size = 25335, upload-time = "2022-10-25T02:36:20.889Z" },
]

[[package]]
name = "coverage"
version = "7.11.3"
source = { registry = "https://pypi.org/simple" }
sdist = { url = "https://files.pythonhosted.org/packages/d2/59/9698d57a3b11704c7b89b21d69e9d23ecf80d538cabb536c8b63f4a12322/coverage-7.11.3.tar.gz", hash = "sha256:0f59387f5e6edbbffec2281affb71cdc85e0776c1745150a3ab9b6c1d016106b", size = 815210, upload-time = "2025-11-10T00:13:17.18Z" }
wheels = [
    { url = "https://files.pythonhosted.org/packages/c2/39/af056ec7a27c487e25c7f6b6e51d2ee9821dba1863173ddf4dc2eebef4f7/coverage-7.11.3-cp312-cp312-macosx_10_13_x86_64.whl", hash = "sha256:5b771b59ac0dfb7f139f70c85b42717ef400a6790abb6475ebac1ecee8de782f", size = 216676, upload-time = "2025-11-10T00:11:11.566Z" },
    { url = "https://files.pythonhosted.org/packages/3c/f8/21126d34b174d037b5d01bea39077725cbb9a0da94a95c5f96929c695433/coverage-7.11.3-cp312-cp312-macosx_11_0_arm64.whl", hash = "sha256:603c4414125fc9ae9000f17912dcfd3d3eb677d4e360b85206539240c96ea76e", size = 217034, upload-time = "2025-11-10T00:11:13.12Z" },
    { url = "https://files.pythonhosted.org/packages/d5/3f/0fd35f35658cdd11f7686303214bd5908225838f374db47f9e457c8d6df8/coverage-7.11.3-cp312-cp312-manylinux1_i686.manylinux_2_28_i686.manylinux_2_5_i686.whl", hash = "sha256:77ffb3b7704eb7b9b3298a01fe4509cef70117a52d50bcba29cffc5f53dd326a", size = 248531, upload-time = "2025-11-10T00:11:15.023Z" },
    { url = "https://files.pythonhosted.org/packages/8f/59/0bfc5900fc15ce4fd186e092451de776bef244565c840c9c026fd50857e1/coverage-7.11.3-cp312-cp312-manylinux1_x86_64.manylinux_2_28_x86_64.manylinux_2_5_x86_64.whl", hash = "sha256:4d4ca49f5ba432b0755ebb0fc3a56be944a19a16bb33802264bbc7311622c0d1", size = 251290, upload-time = "2025-11-10T00:11:16.628Z" },
    { url = "https://files.pythonhosted.org/packages/71/88/d5c184001fa2ac82edf1b8f2cd91894d2230d7c309e937c54c796176e35b/coverage-7.11.3-cp312-cp312-manylinux2014_aarch64.manylinux_2_17_aarch64.manylinux_2_28_aarch64.whl", hash = "sha256:05fd3fb6edff0c98874d752013588836f458261e5eba587afe4c547bba544afd", size = 252375, upload-time = "2025-11-10T00:11:18.249Z" },
    { url = "https://files.pythonhosted.org/packages/5c/29/f60af9f823bf62c7a00ce1ac88441b9a9a467e499493e5cc65028c8b8dd2/coverage-7.11.3-cp312-cp312-manylinux_2_31_riscv64.manylinux_2_39_riscv64.whl", hash = "sha256:0e920567f8c3a3ce68ae5a42cf7c2dc4bb6cc389f18bff2235dd8c03fa405de5", size = 248946, upload-time = "2025-11-10T00:11:20.202Z" },
    { url = "https://files.pythonhosted.org/packages/67/16/4662790f3b1e03fce5280cad93fd18711c35980beb3c6f28dca41b5230c6/coverage-7.11.3-cp312-cp312-musllinux_1_2_aarch64.whl", hash = "sha256:4bec8c7160688bd5a34e65c82984b25409563134d63285d8943d0599efbc448e", size = 250310, upload-time = "2025-11-10T00:11:21.689Z" },
    { url = "https://files.pythonhosted.org/packages/8f/75/dd6c2e28308a83e5fc1ee602f8204bd3aa5af685c104cb54499230cf56db/coverage-7.11.3-cp312-cp312-musllinux_1_2_i686.whl", hash = "sha256:adb9b7b42c802bd8cb3927de8c1c26368ce50c8fdaa83a9d8551384d77537044", size = 248461, upload-time = "2025-11-10T00:11:23.384Z" },
    { url = "https://files.pythonhosted.org/packages/16/fe/b71af12be9f59dc9eb060688fa19a95bf3223f56c5af1e9861dfa2275d2c/coverage-7.11.3-cp312-cp312-musllinux_1_2_riscv64.whl", hash = "sha256:c8f563b245b4ddb591e99f28e3cd140b85f114b38b7f95b2e42542f0603eb7d7", size = 248039, upload-time = "2025-11-10T00:11:25.07Z" },
    { url = "https://files.pythonhosted.org/packages/11/b8/023b2003a2cd96bdf607afe03d9b96c763cab6d76e024abe4473707c4eb8/coverage-7.11.3-cp312-cp312-musllinux_1_2_x86_64.whl", hash = "sha256:e2a96fdc7643c9517a317553aca13b5cae9bad9a5f32f4654ce247ae4d321405", size = 249903, upload-time = "2025-11-10T00:11:26.992Z" },
    { url = "https://files.pythonhosted.org/packages/d6/ee/5f1076311aa67b1fa4687a724cc044346380e90ce7d94fec09fd384aa5fd/coverage-7.11.3-cp312-cp312-win32.whl", hash = "sha256:e8feeb5e8705835f0622af0fe7ff8d5cb388948454647086494d6c41ec142c2e", size = 219201, upload-time = "2025-11-10T00:11:28.619Z" },
    { url = "https://files.pythonhosted.org/packages/4f/24/d21688f48fe9fcc778956680fd5aaf69f4e23b245b7c7a4755cbd421d25b/coverage-7.11.3-cp312-cp312-win_amd64.whl", hash = "sha256:abb903ffe46bd319d99979cdba350ae7016759bb69f47882242f7b93f3356055", size = 220012, upload-time = "2025-11-10T00:11:30.234Z" },
    { url = "https://files.pythonhosted.org/packages/4f/9e/d5eb508065f291456378aa9b16698b8417d87cb084c2b597f3beb00a8084/coverage-7.11.3-cp312-cp312-win_arm64.whl", hash = "sha256:1451464fd855d9bd000c19b71bb7dafea9ab815741fb0bd9e813d9b671462d6f", size = 218652, upload-time = "2025-11-10T00:11:32.165Z" },
    { url = "https://files.pythonhosted.org/packages/6d/f6/d8572c058211c7d976f24dab71999a565501fb5b3cdcb59cf782f19c4acb/coverage-7.11.3-cp313-cp313-macosx_10_13_x86_64.whl", hash = "sha256:84b892e968164b7a0498ddc5746cdf4e985700b902128421bb5cec1080a6ee36", size = 216694, upload-time = "2025-11-10T00:11:34.296Z" },
    { url = "https://files.pythonhosted.org/packages/4a/f6/b6f9764d90c0ce1bce8d995649fa307fff21f4727b8d950fa2843b7b0de5/coverage-7.11.3-cp313-cp313-macosx_11_0_arm64.whl", hash = "sha256:f761dbcf45e9416ec4698e1a7649248005f0064ce3523a47402d1bff4af2779e", size = 217065, upload-time = "2025-11-10T00:11:36.281Z" },
    { url = "https://files.pythonhosted.org/packages/a5/8d/a12cb424063019fd077b5be474258a0ed8369b92b6d0058e673f0a945982/coverage-7.11.3-cp313-cp313-manylinux1_i686.manylinux_2_28_i686.manylinux_2_5_i686.whl", hash = "sha256:1410bac9e98afd9623f53876fae7d8a5db9f5a0ac1c9e7c5188463cb4b3212e2", size = 248062, upload-time = "2025-11-10T00:11:37.903Z" },
    { url = "https://files.pythonhosted.org/packages/7f/9c/dab1a4e8e75ce053d14259d3d7485d68528a662e286e184685ea49e71156/coverage-7.11.3-cp313-cp313-manylinux1_x86_64.manylinux_2_28_x86_64.manylinux_2_5_x86_64.whl", hash = "sha256:004cdcea3457c0ea3233622cd3464c1e32ebba9b41578421097402bee6461b63", size = 250657, upload-time = "2025-11-10T00:11:39.509Z" },
    { url = "https://files.pythonhosted.org/packages/3f/89/a14f256438324f33bae36f9a1a7137729bf26b0a43f5eda60b147ec7c8c7/coverage-7.11.3-cp313-cp313-manylinux2014_aarch64.manylinux_2_17_aarch64.manylinux_2_28_aarch64.whl", hash = "sha256:8f067ada2c333609b52835ca4d4868645d3b63ac04fb2b9a658c55bba7f667d3", size = 251900, upload-time = "2025-11-10T00:11:41.372Z" },
    { url = "https://files.pythonhosted.org/packages/04/07/75b0d476eb349f1296486b1418b44f2d8780cc8db47493de3755e5340076/coverage-7.11.3-cp313-cp313-manylinux_2_31_riscv64.manylinux_2_39_riscv64.whl", hash = "sha256:07bc7745c945a6d95676953e86ba7cebb9f11de7773951c387f4c07dc76d03f5", size = 248254, upload-time = "2025-11-10T00:11:43.27Z" },
    { url = "https://files.pythonhosted.org/packages/5a/4b/0c486581fa72873489ca092c52792d008a17954aa352809a7cbe6cf0bf07/coverage-7.11.3-cp313-cp313-musllinux_1_2_aarch64.whl", hash = "sha256:8bba7e4743e37484ae17d5c3b8eb1ce78b564cb91b7ace2e2182b25f0f764cb5", size = 250041, upload-time = "2025-11-10T00:11:45.274Z" },
    { url = "https://files.pythonhosted.org/packages/af/a3/0059dafb240ae3e3291f81b8de00e9c511d3dd41d687a227dd4b529be591/coverage-7.11.3-cp313-cp313-musllinux_1_2_i686.whl", hash = "sha256:fbffc22d80d86fbe456af9abb17f7a7766e7b2101f7edaacc3535501691563f7", size = 248004, upload-time = "2025-11-10T00:11:46.93Z" },
    { url = "https://files.pythonhosted.org/packages/83/93/967d9662b1eb8c7c46917dcc7e4c1875724ac3e73c3cb78e86d7a0ac719d/coverage-7.11.3-cp313-cp313-musllinux_1_2_riscv64.whl", hash = "sha256:0dba4da36730e384669e05b765a2c49f39514dd3012fcc0398dd66fba8d746d5", size = 247828, upload-time = "2025-11-10T00:11:48.563Z" },
    { url = "https://files.pythonhosted.org/packages/4c/1c/5077493c03215701e212767e470b794548d817dfc6247a4718832cc71fac/coverage-7.11.3-cp313-cp313-musllinux_1_2_x86_64.whl", hash = "sha256:ae12fe90b00b71a71b69f513773310782ce01d5f58d2ceb2b7c595ab9d222094", size = 249588, upload-time = "2025-11-10T00:11:50.581Z" },
    { url = "https://files.pythonhosted.org/packages/7f/a5/77f64de461016e7da3e05d7d07975c89756fe672753e4cf74417fc9b9052/coverage-7.11.3-cp313-cp313-win32.whl", hash = "sha256:12d821de7408292530b0d241468b698bce18dd12ecaf45316149f53877885f8c", size = 219223, upload-time = "2025-11-10T00:11:52.184Z" },
    { url = "https://files.pythonhosted.org/packages/ed/1c/ec51a3c1a59d225b44bdd3a4d463135b3159a535c2686fac965b698524f4/coverage-7.11.3-cp313-cp313-win_amd64.whl", hash = "sha256:6bb599052a974bb6cedfa114f9778fedfad66854107cf81397ec87cb9b8fbcf2", size = 220033, upload-time = "2025-11-10T00:11:53.871Z" },
    { url = "https://files.pythonhosted.org/packages/01/ec/e0ce39746ed558564c16f2cc25fa95ce6fc9fa8bfb3b9e62855d4386b886/coverage-7.11.3-cp313-cp313-win_arm64.whl", hash = "sha256:bb9d7efdb063903b3fdf77caec7b77c3066885068bdc0d44bc1b0c171033f944", size = 218661, upload-time = "2025-11-10T00:11:55.597Z" },
    { url = "https://files.pythonhosted.org/packages/46/cb/483f130bc56cbbad2638248915d97b185374d58b19e3cc3107359715949f/coverage-7.11.3-cp313-cp313t-macosx_10_13_x86_64.whl", hash = "sha256:fb58da65e3339b3dbe266b607bb936efb983d86b00b03eb04c4ad5b442c58428", size = 217389, upload-time = "2025-11-10T00:11:57.59Z" },
    { url = "https://files.pythonhosted.org/packages/cb/ae/81f89bae3afef75553cf10e62feb57551535d16fd5859b9ee5a2a97ddd27/coverage-7.11.3-cp313-cp313t-macosx_11_0_arm64.whl", hash = "sha256:8d16bbe566e16a71d123cd66382c1315fcd520c7573652a8074a8fe281b38c6a", size = 217742, upload-time = "2025-11-10T00:11:59.519Z" },
    { url = "https://files.pythonhosted.org/packages/db/6e/a0fb897041949888191a49c36afd5c6f5d9f5fd757e0b0cd99ec198a324b/coverage-7.11.3-cp313-cp313t-manylinux1_i686.manylinux_2_28_i686.manylinux_2_5_i686.whl", hash = "sha256:a8258f10059b5ac837232c589a350a2df4a96406d6d5f2a09ec587cbdd539655", size = 259049, upload-time = "2025-11-10T00:12:01.592Z" },
    { url = "https://files.pythonhosted.org/packages/d9/b6/d13acc67eb402d91eb94b9bd60593411799aed09ce176ee8d8c0e39c94ca/coverage-7.11.3-cp313-cp313t-manylinux1_x86_64.manylinux_2_28_x86_64.manylinux_2_5_x86_64.whl", hash = "sha256:4c5627429f7fbff4f4131cfdd6abd530734ef7761116811a707b88b7e205afd7", size = 261113, upload-time = "2025-11-10T00:12:03.639Z" },
    { url = "https://files.pythonhosted.org/packages/ea/07/a6868893c48191d60406df4356aa7f0f74e6de34ef1f03af0d49183e0fa1/coverage-7.11.3-cp313-cp313t-manylinux2014_aarch64.manylinux_2_17_aarch64.manylinux_2_28_aarch64.whl", hash = "sha256:465695268414e149bab754c54b0c45c8ceda73dd4a5c3ba255500da13984b16d", size = 263546, upload-time = "2025-11-10T00:12:05.485Z" },
    { url = "https://files.pythonhosted.org/packages/24/e5/28598f70b2c1098332bac47925806353b3313511d984841111e6e760c016/coverage-7.11.3-cp313-cp313t-manylinux_2_31_riscv64.manylinux_2_39_riscv64.whl", hash = "sha256:4ebcddfcdfb4c614233cff6e9a3967a09484114a8b2e4f2c7a62dc83676ba13f", size = 258260, upload-time = "2025-11-10T00:12:07.137Z" },
    { url = "https://files.pythonhosted.org/packages/0e/58/58e2d9e6455a4ed746a480c4b9cf96dc3cb2a6b8f3efbee5efd33ae24b06/coverage-7.11.3-cp313-cp313t-musllinux_1_2_aarch64.whl", hash = "sha256:13b2066303a1c1833c654d2af0455bb009b6e1727b3883c9964bc5c2f643c1d0", size = 261121, upload-time = "2025-11-10T00:12:09.138Z" },
    { url = "https://files.pythonhosted.org/packages/17/57/38803eefb9b0409934cbc5a14e3978f0c85cb251d2b6f6a369067a7105a0/coverage-7.11.3-cp313-cp313t-musllinux_1_2_i686.whl", hash = "sha256:d8750dd20362a1b80e3cf84f58013d4672f89663aee457ea59336df50fab6739", size = 258736, upload-time = "2025-11-10T00:12:11.195Z" },
    { url = "https://files.pythonhosted.org/packages/a8/f3/f94683167156e93677b3442be1d4ca70cb33718df32a2eea44a5898f04f6/coverage-7.11.3-cp313-cp313t-musllinux_1_2_riscv64.whl", hash = "sha256:ab6212e62ea0e1006531a2234e209607f360d98d18d532c2fa8e403c1afbdd71", size = 257625, upload-time = "2025-11-10T00:12:12.843Z" },
    { url = "https://files.pythonhosted.org/packages/87/ed/42d0bf1bc6bfa7d65f52299a31daaa866b4c11000855d753857fe78260ac/coverage-7.11.3-cp313-cp313t-musllinux_1_2_x86_64.whl", hash = "sha256:a6b17c2b5e0b9bb7702449200f93e2d04cb04b1414c41424c08aa1e5d352da76", size = 259827, upload-time = "2025-11-10T00:12:15.128Z" },
    { url = "https://files.pythonhosted.org/packages/d3/76/5682719f5d5fbedb0c624c9851ef847407cae23362deb941f185f489c54e/coverage-7.11.3-cp313-cp313t-win32.whl", hash = "sha256:426559f105f644b69290ea414e154a0d320c3ad8a2bb75e62884731f69cf8e2c", size = 219897, upload-time = "2025-11-10T00:12:17.274Z" },
    { url = "https://files.pythonhosted.org/packages/10/e0/1da511d0ac3d39e6676fa6cc5ec35320bbf1cebb9b24e9ee7548ee4e931a/coverage-7.11.3-cp313-cp313t-win_amd64.whl", hash = "sha256:90a96fcd824564eae6137ec2563bd061d49a32944858d4bdbae5c00fb10e76ac", size = 220959, upload-time = "2025-11-10T00:12:19.292Z" },
    { url = "https://files.pythonhosted.org/packages/e5/9d/e255da6a04e9ec5f7b633c54c0fdfa221a9e03550b67a9c83217de12e96c/coverage-7.11.3-cp313-cp313t-win_arm64.whl", hash = "sha256:1e33d0bebf895c7a0905fcfaff2b07ab900885fc78bba2a12291a2cfbab014cc", size = 219234, upload-time = "2025-11-10T00:12:21.251Z" },
    { url = "https://files.pythonhosted.org/packages/84/d6/634ec396e45aded1772dccf6c236e3e7c9604bc47b816e928f32ce7987d1/coverage-7.11.3-cp314-cp314-macosx_10_15_x86_64.whl", hash = "sha256:fdc5255eb4815babcdf236fa1a806ccb546724c8a9b129fd1ea4a5448a0bf07c", size = 216746, upload-time = "2025-11-10T00:12:23.089Z" },
    { url = "https://files.pythonhosted.org/packages/28/76/1079547f9d46f9c7c7d0dad35b6873c98bc5aa721eeabceafabd722cd5e7/coverage-7.11.3-cp314-cp314-macosx_11_0_arm64.whl", hash = "sha256:fe3425dc6021f906c6325d3c415e048e7cdb955505a94f1eb774dafc779ba203", size = 217077, upload-time = "2025-11-10T00:12:24.863Z" },
    { url = "https://files.pythonhosted.org/packages/2d/71/6ad80d6ae0d7cb743b9a98df8bb88b1ff3dc54491508a4a97549c2b83400/coverage-7.11.3-cp314-cp314-manylinux1_i686.manylinux_2_28_i686.manylinux_2_5_i686.whl", hash = "sha256:4ca5f876bf41b24378ee67c41d688155f0e54cdc720de8ef9ad6544005899240", size = 248122, upload-time = "2025-11-10T00:12:26.553Z" },
    { url = "https://files.pythonhosted.org/packages/20/1d/784b87270784b0b88e4beec9d028e8d58f73ae248032579c63ad2ac6f69a/coverage-7.11.3-cp314-cp314-manylinux1_x86_64.manylinux_2_28_x86_64.manylinux_2_5_x86_64.whl", hash = "sha256:9061a3e3c92b27fd8036dafa26f25d95695b6aa2e4514ab16a254f297e664f83", size = 250638, upload-time = "2025-11-10T00:12:28.555Z" },
    { url = "https://files.pythonhosted.org/packages/f5/26/b6dd31e23e004e9de84d1a8672cd3d73e50f5dae65dbd0f03fa2cdde6100/coverage-7.11.3-cp314-cp314-manylinux2014_aarch64.manylinux_2_17_aarch64.manylinux_2_28_aarch64.whl", hash = "sha256:abcea3b5f0dc44e1d01c27090bc32ce6ffb7aa665f884f1890710454113ea902", size = 251972, upload-time = "2025-11-10T00:12:30.246Z" },
    { url = "https://files.pythonhosted.org/packages/c9/ef/f9c64d76faac56b82daa036b34d4fe9ab55eb37f22062e68e9470583e688/coverage-7.11.3-cp314-cp314-manylinux_2_31_riscv64.manylinux_2_39_riscv64.whl", hash = "sha256:68c4eb92997dbaaf839ea13527be463178ac0ddd37a7ac636b8bc11a51af2428", size = 248147, upload-time = "2025-11-10T00:12:32.195Z" },
    { url = "https://files.pythonhosted.org/packages/b6/eb/5b666f90a8f8053bd264a1ce693d2edef2368e518afe70680070fca13ecd/coverage-7.11.3-cp314-cp314-musllinux_1_2_aarch64.whl", hash = "sha256:149eccc85d48c8f06547534068c41d69a1a35322deaa4d69ba1561e2e9127e75", size = 249995, upload-time = "2025-11-10T00:12:33.969Z" },
    { url = "https://files.pythonhosted.org/packages/eb/7b/871e991ffb5d067f8e67ffb635dabba65b231d6e0eb724a4a558f4a702a5/coverage-7.11.3-cp314-cp314-musllinux_1_2_i686.whl", hash = "sha256:08c0bcf932e47795c49f0406054824b9d45671362dfc4269e0bc6e4bff010704", size = 247948, upload-time = "2025-11-10T00:12:36.341Z" },
    { url = "https://files.pythonhosted.org/packages/0a/8b/ce454f0af9609431b06dbe5485fc9d1c35ddc387e32ae8e374f49005748b/coverage-7.11.3-cp314-cp314-musllinux_1_2_riscv64.whl", hash = "sha256:39764c6167c82d68a2d8c97c33dba45ec0ad9172570860e12191416f4f8e6e1b", size = 247770, upload-time = "2025-11-10T00:12:38.167Z" },
    { url = "https://files.pythonhosted.org/packages/61/8f/79002cb58a61dfbd2085de7d0a46311ef2476823e7938db80284cedd2428/coverage-7.11.3-cp314-cp314-musllinux_1_2_x86_64.whl", hash = "sha256:3224c7baf34e923ffc78cb45e793925539d640d42c96646db62dbd61bbcfa131", size = 249431, upload-time = "2025-11-10T00:12:40.354Z" },
    { url = "https://files.pythonhosted.org/packages/58/cc/d06685dae97468ed22999440f2f2f5060940ab0e7952a7295f236d98cce7/coverage-7.11.3-cp314-cp314-win32.whl", hash = "sha256:c713c1c528284d636cd37723b0b4c35c11190da6f932794e145fc40f8210a14a", size = 219508, upload-time = "2025-11-10T00:12:42.231Z" },
    { url = "https://files.pythonhosted.org/packages/5f/ed/770cd07706a3598c545f62d75adf2e5bd3791bffccdcf708ec383ad42559/coverage-7.11.3-cp314-cp314-win_amd64.whl", hash = "sha256:c381a252317f63ca0179d2c7918e83b99a4ff3101e1b24849b999a00f9cd4f86", size = 220325, upload-time = "2025-11-10T00:12:44.065Z" },
    { url = "https://files.pythonhosted.org/packages/ee/ac/6a1c507899b6fb1b9a56069954365f655956bcc648e150ce64c2b0ecbed8/coverage-7.11.3-cp314-cp314-win_arm64.whl", hash = "sha256:3e33a968672be1394eded257ec10d4acbb9af2ae263ba05a99ff901bb863557e", size = 218899, upload-time = "2025-11-10T00:12:46.18Z" },
    { url = "https://files.pythonhosted.org/packages/9a/58/142cd838d960cd740654d094f7b0300d7b81534bb7304437d2439fb685fb/coverage-7.11.3-cp314-cp314t-macosx_10_15_x86_64.whl", hash = "sha256:f9c96a29c6d65bd36a91f5634fef800212dff69dacdb44345c4c9783943ab0df", size = 217471, upload-time = "2025-11-10T00:12:48.392Z" },
    { url = "https://files.pythonhosted.org/packages/bc/2c/2f44d39eb33e41ab3aba80571daad32e0f67076afcf27cb443f9e5b5a3ee/coverage-7.11.3-cp314-cp314t-macosx_11_0_arm64.whl", hash = "sha256:2ec27a7a991d229213c8070d31e3ecf44d005d96a9edc30c78eaeafaa421c001", size = 217742, upload-time = "2025-11-10T00:12:50.182Z" },
    { url = "https://files.pythonhosted.org/packages/32/76/8ebc66c3c699f4de3174a43424c34c086323cd93c4930ab0f835731c443a/coverage-7.11.3-cp314-cp314t-manylinux1_i686.manylinux_2_28_i686.manylinux_2_5_i686.whl", hash = "sha256:72c8b494bd20ae1c58528b97c4a67d5cfeafcb3845c73542875ecd43924296de", size = 259120, upload-time = "2025-11-10T00:12:52.451Z" },
    { url = "https://files.pythonhosted.org/packages/19/89/78a3302b9595f331b86e4f12dfbd9252c8e93d97b8631500888f9a3a2af7/coverage-7.11.3-cp314-cp314t-manylinux1_x86_64.manylinux_2_28_x86_64.manylinux_2_5_x86_64.whl", hash = "sha256:60ca149a446da255d56c2a7a813b51a80d9497a62250532598d249b3cdb1a926", size = 261229, upload-time = "2025-11-10T00:12:54.667Z" },
    { url = "https://files.pythonhosted.org/packages/07/59/1a9c0844dadef2a6efac07316d9781e6c5a3f3ea7e5e701411e99d619bfd/coverage-7.11.3-cp314-cp314t-manylinux2014_aarch64.manylinux_2_17_aarch64.manylinux_2_28_aarch64.whl", hash = "sha256:eb5069074db19a534de3859c43eec78e962d6d119f637c41c8e028c5ab3f59dd", size = 263642, upload-time = "2025-11-10T00:12:56.841Z" },
    { url = "https://files.pythonhosted.org/packages/37/86/66c15d190a8e82eee777793cabde730640f555db3c020a179625a2ad5320/coverage-7.11.3-cp314-cp314t-manylinux_2_31_riscv64.manylinux_2_39_riscv64.whl", hash = "sha256:ac5d5329c9c942bbe6295f4251b135d860ed9f86acd912d418dce186de7c19ac", size = 258193, upload-time = "2025-11-10T00:12:58.687Z" },
    { url = "https://files.pythonhosted.org/packages/c7/c7/4a4aeb25cb6f83c3ec4763e5f7cc78da1c6d4ef9e22128562204b7f39390/coverage-7.11.3-cp314-cp314t-musllinux_1_2_aarch64.whl", hash = "sha256:e22539b676fafba17f0a90ac725f029a309eb6e483f364c86dcadee060429d46", size = 261107, upload-time = "2025-11-10T00:13:00.502Z" },
    { url = "https://files.pythonhosted.org/packages/ed/91/b986b5035f23cf0272446298967ecdd2c3c0105ee31f66f7e6b6948fd7f8/coverage-7.11.3-cp314-cp314t-musllinux_1_2_i686.whl", hash = "sha256:2376e8a9c889016f25472c452389e98bc6e54a19570b107e27cde9d47f387b64", size = 258717, upload-time = "2025-11-10T00:13:02.747Z" },
    { url = "https://files.pythonhosted.org/packages/f0/c7/6c084997f5a04d050c513545d3344bfa17bd3b67f143f388b5757d762b0b/coverage-7.11.3-cp314-cp314t-musllinux_1_2_riscv64.whl", hash = "sha256:4234914b8c67238a3c4af2bba648dc716aa029ca44d01f3d51536d44ac16854f", size = 257541, upload-time = "2025-11-10T00:13:04.689Z" },
    { url = "https://files.pythonhosted.org/packages/3b/c5/38e642917e406930cb67941210a366ccffa767365c8f8d9ec0f465a8b218/coverage-7.11.3-cp314-cp314t-musllinux_1_2_x86_64.whl", hash = "sha256:f0b4101e2b3c6c352ff1f70b3a6fcc7c17c1ab1a91ccb7a33013cb0782af9820", size = 259872, upload-time = "2025-11-10T00:13:06.559Z" },
    { url = "https://files.pythonhosted.org/packages/b7/67/5e812979d20c167f81dbf9374048e0193ebe64c59a3d93d7d947b07865fa/coverage-7.11.3-cp314-cp314t-win32.whl", hash = "sha256:305716afb19133762e8cf62745c46c4853ad6f9eeba54a593e373289e24ea237", size = 220289, upload-time = "2025-11-10T00:13:08.635Z" },
    { url = "https://files.pythonhosted.org/packages/24/3a/b72573802672b680703e0df071faadfab7dcd4d659aaaffc4626bc8bbde8/coverage-7.11.3-cp314-cp314t-win_amd64.whl", hash = "sha256:9245bd392572b9f799261c4c9e7216bafc9405537d0f4ce3ad93afe081a12dc9", size = 221398, upload-time = "2025-11-10T00:13:10.734Z" },
    { url = "https://files.pythonhosted.org/packages/f8/4e/649628f28d38bad81e4e8eb3f78759d20ac173e3c456ac629123815feb40/coverage-7.11.3-cp314-cp314t-win_arm64.whl", hash = "sha256:9a1d577c20b4334e5e814c3d5fe07fa4a8c3ae42a601945e8d7940bab811d0bd", size = 219435, upload-time = "2025-11-10T00:13:12.712Z" },
    { url = "https://files.pythonhosted.org/packages/19/8f/92bdd27b067204b99f396a1414d6342122f3e2663459baf787108a6b8b84/coverage-7.11.3-py3-none-any.whl", hash = "sha256:351511ae28e2509c8d8cae5311577ea7dd511ab8e746ffc8814a0896c3d33fbe", size = 208478, upload-time = "2025-11-10T00:13:14.908Z" },
]

[[package]]
name = "django"
version = "5.1.14"
source = { registry = "https://pypi.org/simple" }
dependencies = [
    { name = "asgiref" },
    { name = "sqlparse" },
    { name = "tzdata", marker = "sys_platform == 'win32'" },
]
sdist = { url = "https://files.pythonhosted.org/packages/6e/f9/284077f0e61f633e5279518a9ac5924ade4bef12bc841174ca48c57f2438/django-5.1.14.tar.gz", hash = "sha256:b98409fb31fdd6e8c3a6ba2eef3415cc5c0020057b43b21ba7af6eff5f014831", size = 10720998, upload-time = "2025-11-05T14:07:56.294Z" }
wheels = [
    { url = "https://files.pythonhosted.org/packages/e3/67/8839eb1d70b5688b7375dce24ccf216e6ab25ee9e6361f22973520d13cd4/django-5.1.14-py3-none-any.whl", hash = "sha256:2a4b9c20404fd1bf50aaaa5542a19d860594cba1354f688f642feb271b91df27", size = 8260068, upload-time = "2025-11-05T14:07:53.26Z" },
]

[[package]]
name = "django-cors-headers"
version = "4.4.0"
source = { registry = "https://pypi.org/simple" }
dependencies = [
    { name = "asgiref" },
    { name = "django" },
]
sdist = { url = "https://files.pythonhosted.org/packages/d3/34/f0c7a7241f885cbfc99b1edef0acc7915dd7a3fb749fe27de5e8a9fb2ccb/django_cors_headers-4.4.0.tar.gz", hash = "sha256:92cf4633e22af67a230a1456cb1b7a02bb213d6536d2dcb2a4a24092ea9cebc2", size = 21151, upload-time = "2024-06-19T16:16:45.833Z" }
wheels = [
    { url = "https://files.pythonhosted.org/packages/9d/0c/4201d5650199b3a36ef3f2ab91f44c4527a70685f3003ce9f3ed8c30780c/django_cors_headers-4.4.0-py3-none-any.whl", hash = "sha256:5c6e3b7fe870876a1efdfeb4f433782c3524078fa0dc9e0195f6706ce7a242f6", size = 12789, upload-time = "2024-06-19T16:16:42.189Z" },
]

[[package]]
name = "django-extensions"
version = "3.2.3"
source = { registry = "https://pypi.org/simple" }
dependencies = [
    { name = "django" },
]
sdist = { url = "https://files.pythonhosted.org/packages/8a/f1/318684c9466968bf9a9c221663128206e460c1a67f595055be4b284cde8a/django-extensions-3.2.3.tar.gz", hash = "sha256:44d27919d04e23b3f40231c4ab7af4e61ce832ef46d610cc650d53e68328410a", size = 277216, upload-time = "2023-06-05T17:09:01.447Z" }
wheels = [
    { url = "https://files.pythonhosted.org/packages/a7/7e/ba12b9660642663f5273141018d2bec0a1cae1711f4f6d1093920e157946/django_extensions-3.2.3-py3-none-any.whl", hash = "sha256:9600b7562f79a92cbf1fde6403c04fee314608fefbb595502e34383ae8203401", size = 229868, upload-time = "2023-06-05T17:08:58.197Z" },
]

[[package]]
name = "djangorestframework"
version = "3.15.2"
source = { registry = "https://pypi.org/simple" }
dependencies = [
    { name = "django" },
]
sdist = { url = "https://files.pythonhosted.org/packages/2c/ce/31482eb688bdb4e271027076199e1aa8d02507e530b6d272ab8b4481557c/djangorestframework-3.15.2.tar.gz", hash = "sha256:36fe88cd2d6c6bec23dca9804bab2ba5517a8bb9d8f47ebc68981b56840107ad", size = 1067420, upload-time = "2024-06-19T07:59:32.891Z" }
wheels = [
    { url = "https://files.pythonhosted.org/packages/7c/b6/fa99d8f05eff3a9310286ae84c4059b08c301ae4ab33ae32e46e8ef76491/djangorestframework-3.15.2-py3-none-any.whl", hash = "sha256:2b8871b062ba1aefc2de01f773875441a961fefbf79f5eed1e32b2f096944b20", size = 1071235, upload-time = "2024-06-19T07:59:26.106Z" },
]

[[package]]
name = "flake8"
version = "6.1.0"
source = { registry = "https://pypi.org/simple" }
dependencies = [
    { name = "mccabe" },
    { name = "pycodestyle" },
    { name = "pyflakes" },
]
sdist = { url = "https://files.pythonhosted.org/packages/cf/f8/bbe24f43695c0c480181e39ce910c2650c794831886ec46ddd7c40520e6a/flake8-6.1.0.tar.gz", hash = "sha256:d5b3857f07c030bdb5bf41c7f53799571d75c4491748a3adcd47de929e34cd23", size = 48767, upload-time = "2023-07-29T19:05:05.665Z" }
wheels = [
    { url = "https://files.pythonhosted.org/packages/b0/24/bbf7175ffc47cb3d3e1eb523ddb23272968359dfcf2e1294707a2bf12fc4/flake8-6.1.0-py2.py3-none-any.whl", hash = "sha256:ffdfce58ea94c6580c77888a86506937f9a1a227dfcd15f245d694ae20a6b6e5", size = 58260, upload-time = "2023-07-29T19:05:02.783Z" },
]

[[package]]
name = "flake8-django"
version = "1.4"
source = { registry = "https://pypi.org/simple" }
dependencies = [
    { name = "astroid" },
    { name = "flake8" },
]
sdist = { url = "https://files.pythonhosted.org/packages/12/ae/53732f91619ff1130e7c13eb6572e2751dbe4a31c0f30ac4a9e7352c9050/flake8_django-1.4.tar.gz", hash = "sha256:4debba883084191568e3187416d1d6bdd4abd826da988f197a3c36572e9f30de", size = 8419, upload-time = "2023-07-31T09:01:48.23Z" }

[[package]]
name = "freezegun"
version = "1.5.1"
source = { registry = "https://pypi.org/simple" }
dependencies = [
    { name = "python-dateutil" },
]
sdist = { url = "https://files.pythonhosted.org/packages/2c/ef/722b8d71ddf4d48f25f6d78aa2533d505bf3eec000a7cacb8ccc8de61f2f/freezegun-1.5.1.tar.gz", hash = "sha256:b29dedfcda6d5e8e083ce71b2b542753ad48cfec44037b3fc79702e2980a89e9", size = 33697, upload-time = "2024-05-11T17:32:53.911Z" }
wheels = [
    { url = "https://files.pythonhosted.org/packages/51/0b/0d7fee5919bccc1fdc1c2a7528b98f65c6f69b223a3fd8f809918c142c36/freezegun-1.5.1-py3-none-any.whl", hash = "sha256:bf111d7138a8abe55ab48a71755673dbaa4ab87f4cff5634a4442dfec34c15f1", size = 17569, upload-time = "2024-05-11T17:32:51.715Z" },
]

[[package]]
name = "gunicorn"
version = "23.0.0"
source = { registry = "https://pypi.org/simple" }
dependencies = [
    { name = "packaging" },
]
sdist = { url = "https://files.pythonhosted.org/packages/34/72/9614c465dc206155d93eff0ca20d42e1e35afc533971379482de953521a4/gunicorn-23.0.0.tar.gz", hash = "sha256:f014447a0101dc57e294f6c18ca6b40227a4c90e9bdb586042628030cba004ec", size = 375031, upload-time = "2024-08-10T20:25:27.378Z" }
wheels = [
    { url = "https://files.pythonhosted.org/packages/cb/7d/6dac2a6e1eba33ee43f318edbed4ff29151a49b5d37f080aad1e6469bca4/gunicorn-23.0.0-py3-none-any.whl", hash = "sha256:ec400d38950de4dfd418cff8328b2c8faed0edb0d517d3394e457c317908ca4d", size = 85029, upload-time = "2024-08-10T20:25:24.996Z" },
]

[[package]]
name = "iniconfig"
version = "2.0.0"
source = { registry = "https://pypi.org/simple" }
sdist = { url = "https://files.pythonhosted.org/packages/d7/4b/cbd8e699e64a6f16ca3a8220661b5f83792b3017d0f79807cb8708d33913/iniconfig-2.0.0.tar.gz", hash = "sha256:2d91e135bf72d31a410b17c16da610a82cb55f6b0477d1a902134b24a455b8b3", size = 4646, upload-time = "2023-01-07T11:08:11.254Z" }
wheels = [
    { url = "https://files.pythonhosted.org/packages/ef/a6/62565a6e1cf69e10f5727360368e451d4b7f58beeac6173dc9db836a5b46/iniconfig-2.0.0-py3-none-any.whl", hash = "sha256:b6a85871a79d2e3b22d2d1b94ac2824226a63c6b741c88f7ae975f18b6778374", size = 5892, upload-time = "2023-01-07T11:08:09.864Z" },
]

[[package]]
name = "lazy-object-proxy"
version = "1.10.0"
source = { registry = "https://pypi.org/simple" }
sdist = { url = "https://files.pythonhosted.org/packages/2c/f0/f02e2d150d581a294efded4020094a371bbab42423fe78625ac18854d89b/lazy-object-proxy-1.10.0.tar.gz", hash = "sha256:78247b6d45f43a52ef35c25b5581459e85117225408a4128a3daf8bf9648ac69", size = 43271, upload-time = "2023-12-15T15:11:41.75Z" }
wheels = [
    { url = "https://files.pythonhosted.org/packages/d0/5d/768a7f2ccebb29604def61842fd54f6f5f75c79e366ee8748dda84de0b13/lazy_object_proxy-1.10.0-cp312-cp312-macosx_10_9_x86_64.whl", hash = "sha256:e98c8af98d5707dcdecc9ab0863c0ea6e88545d42ca7c3feffb6b4d1e370c7ba", size = 27560, upload-time = "2023-12-15T15:11:07.122Z" },
    { url = "https://files.pythonhosted.org/packages/b3/ce/f369815549dbfa4bebed541fa4e1561d69e4f268a1f6f77da886df182dab/lazy_object_proxy-1.10.0-cp312-cp312-manylinux_2_17_aarch64.manylinux2014_aarch64.whl", hash = "sha256:952c81d415b9b80ea261d2372d2a4a2332a3890c2b83e0535f263ddfe43f0d43", size = 72403, upload-time = "2023-12-15T15:11:08.426Z" },
    { url = "https://files.pythonhosted.org/packages/44/46/3771e0a4315044aa7b67da892b2fb1f59dfcf0eaff2c8967b2a0a85d5896/lazy_object_proxy-1.10.0-cp312-cp312-manylinux_2_5_x86_64.manylinux1_x86_64.manylinux_2_17_x86_64.manylinux2014_x86_64.whl", hash = "sha256:80b39d3a151309efc8cc48675918891b865bdf742a8616a337cb0090791a0de9", size = 72401, upload-time = "2023-12-15T15:11:09.78Z" },
    { url = "https://files.pythonhosted.org/packages/81/39/84ce4740718e1c700bd04d3457ac92b2e9ce76529911583e7a2bf4d96eb2/lazy_object_proxy-1.10.0-cp312-cp312-musllinux_1_1_aarch64.whl", hash = "sha256:e221060b701e2aa2ea991542900dd13907a5c90fa80e199dbf5a03359019e7a3", size = 75375, upload-time = "2023-12-15T15:11:12.382Z" },
    { url = "https://files.pythonhosted.org/packages/86/3b/d6b65da2b864822324745c0a73fe7fd86c67ccea54173682c3081d7adea8/lazy_object_proxy-1.10.0-cp312-cp312-musllinux_1_1_x86_64.whl", hash = "sha256:92f09ff65ecff3108e56526f9e2481b8116c0b9e1425325e13245abfd79bdb1b", size = 75466, upload-time = "2023-12-15T15:11:14.746Z" },
    { url = "https://files.pythonhosted.org/packages/f5/33/467a093bf004a70022cb410c590d937134bba2faa17bf9dc42a48f49af35/lazy_object_proxy-1.10.0-cp312-cp312-win32.whl", hash = "sha256:3ad54b9ddbe20ae9f7c1b29e52f123120772b06dbb18ec6be9101369d63a4074", size = 25914, upload-time = "2023-12-15T15:11:16.987Z" },
    { url = "https://files.pythonhosted.org/packages/77/ce/7956dc5ac2f8b62291b798c8363c81810e22a9effe469629d297d087e350/lazy_object_proxy-1.10.0-cp312-cp312-win_amd64.whl", hash = "sha256:127a789c75151db6af398b8972178afe6bda7d6f68730c057fbbc2e96b08d282", size = 27525, upload-time = "2023-12-15T15:11:18.335Z" },
    { url = "https://files.pythonhosted.org/packages/31/8b/94dc8d58704ab87b39faed6f2fc0090b9d90e2e2aa2bbec35c79f3d2a054/lazy_object_proxy-1.10.0-pp310.pp311.pp312.pp38.pp39-none-any.whl", hash = "sha256:80fa48bd89c8f2f456fc0765c11c23bf5af827febacd2f523ca5bc1893fcc09d", size = 16405, upload-time = "2023-12-15T15:11:40.453Z" },
]

[[package]]
name = "mccabe"
version = "0.7.0"
source = { registry = "https://pypi.org/simple" }
sdist = { url = "https://files.pythonhosted.org/packages/e7/ff/0ffefdcac38932a54d2b5eed4e0ba8a408f215002cd178ad1df0f2806ff8/mccabe-0.7.0.tar.gz", hash = "sha256:348e0240c33b60bbdf4e523192ef919f28cb2c3d7d5c7794f74009290f236325", size = 9658, upload-time = "2022-01-24T01:14:51.113Z" }
wheels = [
    { url = "https://files.pythonhosted.org/packages/27/1a/1f68f9ba0c207934b35b86a8ca3aad8395a3d6dd7921c0686e23853ff5a9/mccabe-0.7.0-py2.py3-none-any.whl", hash = "sha256:6c2d30ab6be0e4a46919781807b4f0d834ebdd6c6e3dca0bda5a15f863427b6e", size = 7350, upload-time = "2022-01-24T01:14:49.62Z" },
]

[[package]]
name = "packaging"
version = "24.1"
source = { registry = "https://pypi.org/simple" }
sdist = { url = "https://files.pythonhosted.org/packages/51/65/50db4dda066951078f0a96cf12f4b9ada6e4b811516bf0262c0f4f7064d4/packaging-24.1.tar.gz", hash = "sha256:026ed72c8ed3fcce5bf8950572258698927fd1dbda10a5e981cdf0ac37f4f002", size = 148788, upload-time = "2024-06-09T23:19:24.956Z" }
wheels = [
    { url = "https://files.pythonhosted.org/packages/08/aa/cc0199a5f0ad350994d660967a8efb233fe0416e4639146c089643407ce6/packaging-24.1-py3-none-any.whl", hash = "sha256:5b8f2217dbdbd2f7f384c41c628544e6d52f2d0f53c6d0c3ea61aa5d1d7ff124", size = 53985, upload-time = "2024-06-09T23:19:21.909Z" },
]

[[package]]
name = "pluggy"
version = "1.5.0"
source = { registry = "https://pypi.org/simple" }
sdist = { url = "https://files.pythonhosted.org/packages/96/2d/02d4312c973c6050a18b314a5ad0b3210edb65a906f868e31c111dede4a6/pluggy-1.5.0.tar.gz", hash = "sha256:2cffa88e94fdc978c4c574f15f9e59b7f4201d439195c3715ca9e2486f1d0cf1", size = 67955, upload-time = "2024-04-20T21:34:42.531Z" }
wheels = [
    { url = "https://files.pythonhosted.org/packages/88/5f/e351af9a41f866ac3f1fac4ca0613908d9a41741cfcf2228f4ad853b697d/pluggy-1.5.0-py3-none-any.whl", hash = "sha256:44e1ad92c8ca002de6377e165f3e0f1be63266ab4d554740532335b9d75ea669", size = 20556, upload-time = "2024-04-20T21:34:40.434Z" },
]

[[package]]
name = "pycodestyle"
version = "2.11.1"
source = { registry = "https://pypi.org/simple" }
sdist = { url = "https://files.pythonhosted.org/packages/34/8f/fa09ae2acc737b9507b5734a9aec9a2b35fa73409982f57db1b42f8c3c65/pycodestyle-2.11.1.tar.gz", hash = "sha256:41ba0e7afc9752dfb53ced5489e89f8186be00e599e712660695b7a75ff2663f", size = 38974, upload-time = "2023-10-12T23:39:39.762Z" }
wheels = [
    { url = "https://files.pythonhosted.org/packages/b1/90/a998c550d0ddd07e38605bb5c455d00fcc177a800ff9cc3dafdcb3dd7b56/pycodestyle-2.11.1-py2.py3-none-any.whl", hash = "sha256:44fe31000b2d866f2e41841b18528a505fbd7fef9017b04eff4e2648a0fadc67", size = 31132, upload-time = "2023-10-12T23:39:38.242Z" },
]

[[package]]
name = "pyflakes"
version = "3.1.0"
source = { registry = "https://pypi.org/simple" }
sdist = { url = "https://files.pythonhosted.org/packages/8b/fb/7251eaec19a055ec6aafb3d1395db7622348130d1b9b763f78567b2aab32/pyflakes-3.1.0.tar.gz", hash = "sha256:a0aae034c444db0071aa077972ba4768d40c830d9539fd45bf4cd3f8f6992efc", size = 63636, upload-time = "2023-07-29T17:00:41.482Z" }
wheels = [
    { url = "https://files.pythonhosted.org/packages/00/e9/1e1fd7fae559bfd07704991e9a59dd1349b72423c904256c073ce88a9940/pyflakes-3.1.0-py2.py3-none-any.whl", hash = "sha256:4132f6d49cb4dae6819e5379898f2b8cce3c5f23994194c24b77d5da2e36f774", size = 62616, upload-time = "2023-07-29T17:00:40.344Z" },
]

[[package]]
name = "pytest"
version = "8.3.2"
source = { registry = "https://pypi.org/simple" }
dependencies = [
    { name = "colorama", marker = "sys_platform == 'win32'" },
    { name = "iniconfig" },
    { name = "packaging" },
    { name = "pluggy" },
]
sdist = { url = "https://files.pythonhosted.org/packages/b4/8c/9862305bdcd6020bc7b45b1b5e7397a6caf1a33d3025b9a003b39075ffb2/pytest-8.3.2.tar.gz", hash = "sha256:c132345d12ce551242c87269de812483f5bcc87cdbb4722e48487ba194f9fdce", size = 1439314, upload-time = "2024-07-25T10:40:00.159Z" }
wheels = [
    { url = "https://files.pythonhosted.org/packages/0f/f9/cf155cf32ca7d6fa3601bc4c5dd19086af4b320b706919d48a4c79081cf9/pytest-8.3.2-py3-none-any.whl", hash = "sha256:4ba08f9ae7dcf84ded419494d229b48d0903ea6407b030eaec46df5e6a73bba5", size = 341802, upload-time = "2024-07-25T10:39:57.834Z" },
]

[[package]]
name = "python-dateutil"
version = "2.9.0.post0"
source = { registry = "https://pypi.org/simple" }
dependencies = [
    { name = "six" },
]
sdist = { url = "https://files.pythonhosted.org/packages/66/c0/0c8b6ad9f17a802ee498c46e004a0eb49bc148f2fd230864601a86dcf6db/python-dateutil-2.9.0.post0.tar.gz", hash = "sha256:37dd54208da7e1cd875388217d5e00ebd4179249f90fb72437e91a35459a0ad3", size = 342432, upload-time = "2024-03-01T18:36:20.211Z" }
wheels = [
    { url = "https://files.pythonhosted.org/packages/ec/57/56b9bcc3c9c6a792fcbaf139543cee77261f3651ca9da0c93f5c1221264b/python_dateutil-2.9.0.post0-py2.py3-none-any.whl", hash = "sha256:a8b2bc7bffae282281c8140a97d3aa9c14da0b136dfe83f850eea9a5f7470427", size = 229892, upload-time = "2024-03-01T18:36:18.57Z" },
]

[[package]]
name = "python-dotenv"
version = "1.0.1"
source = { registry = "https://pypi.org/simple" }
sdist = { url = "https://files.pythonhosted.org/packages/bc/57/e84d88dfe0aec03b7a2d4327012c1627ab5f03652216c63d49846d7a6c58/python-dotenv-1.0.1.tar.gz", hash = "sha256:e324ee90a023d808f1959c46bcbc04446a10ced277783dc6ee09987c37ec10ca", size = 39115, upload-time = "2024-01-23T06:33:00.505Z" }
wheels = [
    { url = "https://files.pythonhosted.org/packages/6a/3e/b68c118422ec867fa7ab88444e1274aa40681c606d59ac27de5a5588f082/python_dotenv-1.0.1-py3-none-any.whl", hash = "sha256:f7b63ef50f1b690dddf550d03497b66d609393b40b564ed0d674909a68ebf16a", size = 19863, upload-time = "2024-01-23T06:32:58.246Z" },
]

[[package]]
name = "server"
version = "0.1.0"
source = { virtual = "." }
dependencies = [
    { name = "coverage" },
    { name = "django" },
    { name = "django-cors-headers" },
    { name = "django-extensions" },
    { name = "djangorestframework" },
    { name = "freezegun" },
    { name = "gunicorn" },
    { name = "python-dotenv" },
]

[package.dev-dependencies]
dev = [
    { name = "flake8" },
    { name = "flake8-django" },
    { name = "pytest" },
]

[package.metadata]
requires-dist = [
    { name = "coverage", specifier = ">=7.11.3" },
    { name = "django", specifier = "~=5.1" },
    { name = "django-cors-headers", specifier = ">=4.3.1,<5" },
    { name = "django-extensions", specifier = ">=3.2.3,<4" },
    { name = "djangorestframework", specifier = ">=3.15.1,<4" },
    { name = "freezegun", specifier = ">=1.5.1,<2" },
    { name = "gunicorn", specifier = ">=23.0.0,<24" },
    { name = "python-dotenv", specifier = ">=1.0.1,<2" },
]

[package.metadata.requires-dev]
dev = [
    { name = "flake8", specifier = "==6.1.0" },
    { name = "flake8-django", specifier = "~=1.4" },
    { name = "pytest", specifier = ">=8.3.2,<9" },
]

[[package]]
name = "six"
version = "1.16.0"
source = { registry = "https://pypi.org/simple" }
sdist = { url = "https://files.pythonhosted.org/packages/71/39/171f1c67cd00715f190ba0b100d606d440a28c93c7714febeca8b79af85e/six-1.16.0.tar.gz", hash = "sha256:1e61c37477a1626458e36f7b1d82aa5c9b094fa4802892072e49de9c60c4c926", size = 34041, upload-time = "2021-05-05T14:18:18.379Z" }
wheels = [
    { url = "https://files.pythonhosted.org/packages/d9/5a/e7c31adbe875f2abbb91bd84cf2dc52d792b5a01506781dbcf25c91daf11/six-1.16.0-py2.py3-none-any.whl", hash = "sha256:8abb2f1d86890a2dfb989f9a77cfcfd3e47c2a354b01111771326f8aa26e0254", size = 11053, upload-time = "2021-05-05T14:18:17.237Z" },
]

[[package]]
name = "sqlparse"
version = "0.5.1"
source = { registry = "https://pypi.org/simple" }
sdist = { url = "https://files.pythonhosted.org/packages/73/82/dfa23ec2cbed08a801deab02fe7c904bfb00765256b155941d789a338c68/sqlparse-0.5.1.tar.gz", hash = "sha256:bb6b4df465655ef332548e24f08e205afc81b9ab86cb1c45657a7ff173a3a00e", size = 84502, upload-time = "2024-07-15T19:30:27.085Z" }
wheels = [
    { url = "https://files.pythonhosted.org/packages/5d/a5/b2860373aa8de1e626b2bdfdd6df4355f0565b47e51f7d0c54fe70faf8fe/sqlparse-0.5.1-py3-none-any.whl", hash = "sha256:773dcbf9a5ab44a090f3441e2180efe2560220203dc2f8c0b0fa141e18b505e4", size = 44156, upload-time = "2024-07-15T19:30:25.033Z" },
]

[[package]]
name = "tzdata"
version = "2024.1"
source = { registry = "https://pypi.org/simple" }
sdist = { url = "https://files.pythonhosted.org/packages/74/5b/e025d02cb3b66b7b76093404392d4b44343c69101cc85f4d180dd5784717/tzdata-2024.1.tar.gz", hash = "sha256:2674120f8d891909751c38abcdfd386ac0a5a1127954fbc332af6b5ceae07efd", size = 190559, upload-time = "2024-02-11T23:22:40.2Z" }
wheels = [
    { url = "https://files.pythonhosted.org/packages/65/58/f9c9e6be752e9fcb8b6a0ee9fb87e6e7a1f6bcab2cdc73f02bb7ba91ada0/tzdata-2024.1-py2.py3-none-any.whl", hash = "sha256:9068bc196136463f5245e51efda838afa15aaeca9903f49050dfa2679db4d252", size = 345370, upload-time = "2024-02-11T23:22:38.223Z" },
]

[[package]]
name = "wrapt"
version = "1.16.0"
source = { registry = "https://pypi.org/simple" }
sdist = { url = "https://files.pythonhosted.org/packages/95/4c/063a912e20bcef7124e0df97282a8af3ff3e4b603ce84c481d6d7346be0a/wrapt-1.16.0.tar.gz", hash = "sha256:5f370f952971e7d17c7d1ead40e49f32345a7f7a5373571ef44d800d06b1899d", size = 53972, upload-time = "2023-11-09T06:33:30.191Z" }
wheels = [
    { url = "https://files.pythonhosted.org/packages/92/17/224132494c1e23521868cdd57cd1e903f3b6a7ba6996b7b8f077ff8ac7fe/wrapt-1.16.0-cp312-cp312-macosx_10_9_x86_64.whl", hash = "sha256:5eb404d89131ec9b4f748fa5cfb5346802e5ee8836f57d516576e61f304f3b7b", size = 37614, upload-time = "2023-11-09T06:32:08.859Z" },
    { url = "https://files.pythonhosted.org/packages/6a/d7/cfcd73e8f4858079ac59d9db1ec5a1349bc486ae8e9ba55698cc1f4a1dff/wrapt-1.16.0-cp312-cp312-macosx_11_0_arm64.whl", hash = "sha256:9090c9e676d5236a6948330e83cb89969f433b1943a558968f659ead07cb3b36", size = 38316, upload-time = "2023-11-09T06:32:10.719Z" },
    { url = "https://files.pythonhosted.org/packages/7e/79/5ff0a5c54bda5aec75b36453d06be4f83d5cd4932cc84b7cb2b52cee23e2/wrapt-1.16.0-cp312-cp312-manylinux_2_17_aarch64.manylinux2014_aarch64.whl", hash = "sha256:94265b00870aa407bd0cbcfd536f17ecde43b94fb8d228560a1e9d3041462d73", size = 86322, upload-time = "2023-11-09T06:32:12.592Z" },
    { url = "https://files.pythonhosted.org/packages/c4/81/e799bf5d419f422d8712108837c1d9bf6ebe3cb2a81ad94413449543a923/wrapt-1.16.0-cp312-cp312-manylinux_2_5_i686.manylinux1_i686.manylinux_2_17_i686.manylinux2014_i686.whl", hash = "sha256:f2058f813d4f2b5e3a9eb2eb3faf8f1d99b81c3e51aeda4b168406443e8ba809", size = 79055, upload-time = "2023-11-09T06:32:14.394Z" },
    { url = "https://files.pythonhosted.org/packages/62/62/30ca2405de6a20448ee557ab2cd61ab9c5900be7cbd18a2639db595f0b98/wrapt-1.16.0-cp312-cp312-manylinux_2_5_x86_64.manylinux1_x86_64.manylinux_2_17_x86_64.manylinux2014_x86_64.whl", hash = "sha256:98b5e1f498a8ca1858a1cdbffb023bfd954da4e3fa2c0cb5853d40014557248b", size = 87291, upload-time = "2023-11-09T06:32:16.201Z" },
    { url = "https://files.pythonhosted.org/packages/49/4e/5d2f6d7b57fc9956bf06e944eb00463551f7d52fc73ca35cfc4c2cdb7aed/wrapt-1.16.0-cp312-cp312-musllinux_1_1_aarch64.whl", hash = "sha256:14d7dc606219cdd7405133c713f2c218d4252f2a469003f8c46bb92d5d095d81", size = 90374, upload-time = "2023-11-09T06:32:18.052Z" },
    { url = "https://files.pythonhosted.org/packages/a6/9b/c2c21b44ff5b9bf14a83252a8b973fb84923764ff63db3e6dfc3895cf2e0/wrapt-1.16.0-cp312-cp312-musllinux_1_1_i686.whl", hash = "sha256:49aac49dc4782cb04f58986e81ea0b4768e4ff197b57324dcbd7699c5dfb40b9", size = 83896, upload-time = "2023-11-09T06:32:19.533Z" },
    { url = "https://files.pythonhosted.org/packages/14/26/93a9fa02c6f257df54d7570dfe8011995138118d11939a4ecd82cb849613/wrapt-1.16.0-cp312-cp312-musllinux_1_1_x86_64.whl", hash = "sha256:418abb18146475c310d7a6dc71143d6f7adec5b004ac9ce08dc7a34e2babdc5c", size = 91738, upload-time = "2023-11-09T06:32:20.989Z" },
    { url = "https://files.pythonhosted.org/packages/a2/5b/4660897233eb2c8c4de3dc7cefed114c61bacb3c28327e64150dc44ee2f6/wrapt-1.16.0-cp312-cp312-win32.whl", hash = "sha256:685f568fa5e627e93f3b52fda002c7ed2fa1800b50ce51f6ed1d572d8ab3e7fc", size = 35568, upload-time = "2023-11-09T06:32:22.715Z" },
    { url = "https://files.pythonhosted.org/packages/5c/cc/8297f9658506b224aa4bd71906447dea6bb0ba629861a758c28f67428b91/wrapt-1.16.0-cp312-cp312-win_amd64.whl", hash = "sha256:dcdba5c86e368442528f7060039eda390cc4091bfd1dca41e8046af7c910dda8", size = 37653, upload-time = "2023-11-09T06:32:24.533Z" },
    { url = "https://files.pythonhosted.org/packages/ff/21/abdedb4cdf6ff41ebf01a74087740a709e2edb146490e4d9beea054b0b7a/wrapt-1.16.0-py3-none-any.whl", hash = "sha256:6906c4100a8fcbf2fa735f6059214bb13b97f75b1a61777fcf6432121ef12ef1", size = 23362, upload-time = "2023-11-09T06:33:28.271Z" },
]
